
Microsoft Visual Studio Solution File, Format Version 12.00
# Visual Studio Version 17
VisualStudioVersion = 17.9.34728.123
MinimumVisualStudioVersion = 10.0.40219.1
Project("{2150E333-8FDC-42A3-9474-1A3956D46DE8}") = "Microservices", "Microservices", "{AD235D83-D49B-49B4-878A-BBEA6C027827}"
EndProject
Project("{2150E333-8FDC-42A3-9474-1A3956D46DE8}") = "Domain", "Domain", "{024C7DB2-A9AE-481C-950B-C4F52FF152C0}"
EndProject
Project("{2150E333-8FDC-42A3-9474-1A3956D46DE8}") = "Infra.Bus", "Infra.Bus", "{639D865E-9551-4F1B-BE70-573A6AD8897F}"
EndProject
Project("{2150E333-8FDC-42A3-9474-1A3956D46DE8}") = "Infra.IoC", "Infra.IoC", "{103AD02B-896E-4D9A-BDF0-60CDCD6A2314}"
EndProject
Project("{2150E333-8FDC-42A3-9474-1A3956D46DE8}") = "Presentation", "Presentation", "{BF36781E-A956-483B-A69C-138FB5DABFC6}"
EndProject
Project("{9A19103F-16F7-4668-BE54-9A1E7A4F7556}") = "MicroRabbit.Domain.Core", "MicroRabbit.Domain.Core\MicroRabbit.Domain.Core.csproj", "{3C0A24C6-F604-44A1-996F-BB7F9D088457}"
EndProject
Project("{9A19103F-16F7-4668-BE54-9A1E7A4F7556}") = "MicroRabbit.Infra.Bus", "MicroRabbit.Infra.Bus\MicroRabbit.Infra.Bus.csproj", "{551C36D5-555D-4EBF-8F65-0015BCEC5287}"
EndProject
Project("{9A19103F-16F7-4668-BE54-9A1E7A4F7556}") = "MicroRabbit.Infra.IoC", "MicroRabbit.Infra.IoC\MicroRabbit.Infra.IoC.csproj", "{E8A35E23-AFFC-475D-9EC2-0B122B4293A5}"
EndProject
Project("{2150E333-8FDC-42A3-9474-1A3956D46DE8}") = "Banking", "Banking", "{59F8AB01-A8DB-4215-9682-0EECEA81A075}"
EndProject
Project("{2150E333-8FDC-42A3-9474-1A3956D46DE8}") = "Api", "Api", "{35E22156-3130-4E27-B80E-94E2FC7F87F5}"
EndProject
Project("{2150E333-8FDC-42A3-9474-1A3956D46DE8}") = "Domain", "Domain", "{7E435D2B-1A53-402A-9A71-D41825114EB0}"
EndProject
Project("{2150E333-8FDC-42A3-9474-1A3956D46DE8}") = "Application", "Application", "{CBD558DD-CC32-48E3-A972-2CCC6F2825AB}"
EndProject
Project("{2150E333-8FDC-42A3-9474-1A3956D46DE8}") = "Data", "Data", "{A72071E5-6A89-4FB3-AAFD-E12663F761AB}"
EndProject
Project("{9A19103F-16F7-4668-BE54-9A1E7A4F7556}") = "MicroRabbit.Banking.Api", "MicroRabbit.Banking.Api\MicroRabbit.Banking.Api.csproj", "{EC753DC7-B2D9-4411-AAE8-6BE70BDB8259}"
EndProject
Project("{9A19103F-16F7-4668-BE54-9A1E7A4F7556}") = "MicroRabbit.Banking.Application", "MicroRabbit.Banking.Application\MicroRabbit.Banking.Application.csproj", "{01F3D60F-85E0-4BB5-B063-7DAC8560F63C}"
EndProject
Project("{9A19103F-16F7-4668-BE54-9A1E7A4F7556}") = "MicroRabbit.Banking.Data", "MicroRabbit.Banking.Data\MicroRabbit.Banking.Data.csproj", "{9CEB5445-4D80-4376-94F2-6C924E293529}"
EndProject
Project("{9A19103F-16F7-4668-BE54-9A1E7A4F7556}") = "MicroRabbit.Banking.Domain", "MicroRabbit.Banking.Domain\MicroRabbit.Banking.Domain.csproj", "{F6F63739-D549-4D98-9E91-8E18976B944B}"
EndProject
Project("{2150E333-8FDC-42A3-9474-1A3956D46DE8}") = "Transfer", "Transfer", "{C22B51D2-9631-4522-B532-E55A63AC8752}"
EndProject
Project("{2150E333-8FDC-42A3-9474-1A3956D46DE8}") = "Api", "Api", "{3112AE41-B828-4889-B03B-67BE74D0F09E}"
EndProject
Project("{2150E333-8FDC-42A3-9474-1A3956D46DE8}") = "Application", "Application", "{FFCBD837-DF62-4688-98FA-66AA011B0C61}"
EndProject
Project("{2150E333-8FDC-42A3-9474-1A3956D46DE8}") = "Data", "Data", "{0251DB13-DD22-4F37-AB74-22D82BB45573}"
EndProject
Project("{2150E333-8FDC-42A3-9474-1A3956D46DE8}") = "Domain", "Domain", "{51173E34-FC46-4777-8F35-6C465033E3A5}"
EndProject
Project("{9A19103F-16F7-4668-BE54-9A1E7A4F7556}") = "MicroRabbit.Transfer.Api", "MicroRabbit.Transfer.Api\MicroRabbit.Transfer.Api.csproj", "{6010B093-2DE0-400C-A505-867628FA8654}"
EndProject
Project("{9A19103F-16F7-4668-BE54-9A1E7A4F7556}") = "MicroRabbit.Transfer.Application", "MicroRabbit.Transfer.Application\MicroRabbit.Transfer.Application.csproj", "{95E8E8B9-3A8B-4A93-9367-36C52E1D4A36}"
EndProject
Project("{9A19103F-16F7-4668-BE54-9A1E7A4F7556}") = "MicroRabbit.Transfer.Data", "MicroRabbit.Transfer.Data\MicroRabbit.Transfer.Data.csproj", "{299388A2-FF85-42F3-8542-95FB5708A9ED}"
EndProject
Project("{9A19103F-16F7-4668-BE54-9A1E7A4F7556}") = "MicroRabbit.Transfer.Domain", "MicroRabbit.Transfer.Domain\MicroRabbit.Transfer.Domain.csproj", "{7F351CAA-AA02-4DAE-9CDD-6F452B706978}"
EndProject
Project("{2150E333-8FDC-42A3-9474-1A3956D46DE8}") = "Presentationn", "Presentationn", "{3AE905E1-E6D3-40E8-A52B-1BAD063F5DEC}"
EndProject
Project("{FAE04EC0-301F-11D3-BF4B-00C04F79EFBC}") = "MicroRabbit.MVC", "MicroRabbit.MVC\MicroRabbit.MVC.csproj", "{568DE7F3-EFD3-43FB-A72B-4773ED1DECE4}"
EndProject
Global
	GlobalSection(SolutionConfigurationPlatforms) = preSolution
		Debug|Any CPU = Debug|Any CPU
		Release|Any CPU = Release|Any CPU
	EndGlobalSection
	GlobalSection(ProjectConfigurationPlatforms) = postSolution
		{3C0A24C6-F604-44A1-996F-BB7F9D088457}.Debug|Any CPU.ActiveCfg = Debug|Any CPU
		{3C0A24C6-F604-44A1-996F-BB7F9D088457}.Debug|Any CPU.Build.0 = Debug|Any CPU
		{3C0A24C6-F604-44A1-996F-BB7F9D088457}.Release|Any CPU.ActiveCfg = Release|Any CPU
		{3C0A24C6-F604-44A1-996F-BB7F9D088457}.Release|Any CPU.Build.0 = Release|Any CPU
		{551C36D5-555D-4EBF-8F65-0015BCEC5287}.Debug|Any CPU.ActiveCfg = Debug|Any CPU
		{551C36D5-555D-4EBF-8F65-0015BCEC5287}.Debug|Any CPU.Build.0 = Debug|Any CPU
		{551C36D5-555D-4EBF-8F65-0015BCEC5287}.Release|Any CPU.ActiveCfg = Release|Any CPU
		{551C36D5-555D-4EBF-8F65-0015BCEC5287}.Release|Any CPU.Build.0 = Release|Any CPU
		{E8A35E23-AFFC-475D-9EC2-0B122B4293A5}.Debug|Any CPU.ActiveCfg = Debug|Any CPU
		{E8A35E23-AFFC-475D-9EC2-0B122B4293A5}.Debug|Any CPU.Build.0 = Debug|Any CPU
		{E8A35E23-AFFC-475D-9EC2-0B122B4293A5}.Release|Any CPU.ActiveCfg = Release|Any CPU
		{E8A35E23-AFFC-475D-9EC2-0B122B4293A5}.Release|Any CPU.Build.0 = Release|Any CPU
		{EC753DC7-B2D9-4411-AAE8-6BE70BDB8259}.Debug|Any CPU.ActiveCfg = Debug|Any CPU
		{EC753DC7-B2D9-4411-AAE8-6BE70BDB8259}.Debug|Any CPU.Build.0 = Debug|Any CPU
		{EC753DC7-B2D9-4411-AAE8-6BE70BDB8259}.Release|Any CPU.ActiveCfg = Release|Any CPU
		{EC753DC7-B2D9-4411-AAE8-6BE70BDB8259}.Release|Any CPU.Build.0 = Release|Any CPU
		{01F3D60F-85E0-4BB5-B063-7DAC8560F63C}.Debug|Any CPU.ActiveCfg = Debug|Any CPU
		{01F3D60F-85E0-4BB5-B063-7DAC8560F63C}.Debug|Any CPU.Build.0 = Debug|Any CPU
		{01F3D60F-85E0-4BB5-B063-7DAC8560F63C}.Release|Any CPU.ActiveCfg = Release|Any CPU
		{01F3D60F-85E0-4BB5-B063-7DAC8560F63C}.Release|Any CPU.Build.0 = Release|Any CPU
		{9CEB5445-4D80-4376-94F2-6C924E293529}.Debug|Any CPU.ActiveCfg = Debug|Any CPU
		{9CEB5445-4D80-4376-94F2-6C924E293529}.Debug|Any CPU.Build.0 = Debug|Any CPU
		{9CEB5445-4D80-4376-94F2-6C924E293529}.Release|Any CPU.ActiveCfg = Release|Any CPU
		{9CEB5445-4D80-4376-94F2-6C924E293529}.Release|Any CPU.Build.0 = Release|Any CPU
		{F6F63739-D549-4D98-9E91-8E18976B944B}.Debug|Any CPU.ActiveCfg = Debug|Any CPU
		{F6F63739-D549-4D98-9E91-8E18976B944B}.Debug|Any CPU.Build.0 = Debug|Any CPU
		{F6F63739-D549-4D98-9E91-8E18976B944B}.Release|Any CPU.ActiveCfg = Release|Any CPU
		{F6F63739-D549-4D98-9E91-8E18976B944B}.Release|Any CPU.Build.0 = Release|Any CPU
		{6010B093-2DE0-400C-A505-867628FA8654}.Debug|Any CPU.ActiveCfg = Debug|Any CPU
		{6010B093-2DE0-400C-A505-867628FA8654}.Debug|Any CPU.Build.0 = Debug|Any CPU
		{6010B093-2DE0-400C-A505-867628FA8654}.Release|Any CPU.ActiveCfg = Release|Any CPU
		{6010B093-2DE0-400C-A505-867628FA8654}.Release|Any CPU.Build.0 = Release|Any CPU
		{95E8E8B9-3A8B-4A93-9367-36C52E1D4A36}.Debug|Any CPU.ActiveCfg = Debug|Any CPU
		{95E8E8B9-3A8B-4A93-9367-36C52E1D4A36}.Debug|Any CPU.Build.0 = Debug|Any CPU
		{95E8E8B9-3A8B-4A93-9367-36C52E1D4A36}.Release|Any CPU.ActiveCfg = Release|Any CPU
		{95E8E8B9-3A8B-4A93-9367-36C52E1D4A36}.Release|Any CPU.Build.0 = Release|Any CPU
		{299388A2-FF85-42F3-8542-95FB5708A9ED}.Debug|Any CPU.ActiveCfg = Debug|Any CPU
		{299388A2-FF85-42F3-8542-95FB5708A9ED}.Debug|Any CPU.Build.0 = Debug|Any CPU
		{299388A2-FF85-42F3-8542-95FB5708A9ED}.Release|Any CPU.ActiveCfg = Release|Any CPU
		{299388A2-FF85-42F3-8542-95FB5708A9ED}.Release|Any CPU.Build.0 = Release|Any CPU
		{7F351CAA-AA02-4DAE-9CDD-6F452B706978}.Debug|Any CPU.ActiveCfg = Debug|Any CPU
		{7F351CAA-AA02-4DAE-9CDD-6F452B706978}.Debug|Any CPU.Build.0 = Debug|Any CPU
		{7F351CAA-AA02-4DAE-9CDD-6F452B706978}.Release|Any CPU.ActiveCfg = Release|Any CPU
		{7F351CAA-AA02-4DAE-9CDD-6F452B706978}.Release|Any CPU.Build.0 = Release|Any CPU
		{568DE7F3-EFD3-43FB-A72B-4773ED1DECE4}.Debug|Any CPU.ActiveCfg = Debug|Any CPU
		{568DE7F3-EFD3-43FB-A72B-4773ED1DECE4}.Debug|Any CPU.Build.0 = Debug|Any CPU
		{568DE7F3-EFD3-43FB-A72B-4773ED1DECE4}.Release|Any CPU.ActiveCfg = Release|Any CPU
		{568DE7F3-EFD3-43FB-A72B-4773ED1DECE4}.Release|Any CPU.Build.0 = Release|Any CPU
	EndGlobalSection
	GlobalSection(SolutionProperties) = preSolution
		HideSolutionNode = FALSE
	EndGlobalSection
	GlobalSection(NestedProjects) = preSolution
		{3C0A24C6-F604-44A1-996F-BB7F9D088457} = {024C7DB2-A9AE-481C-950B-C4F52FF152C0}
		{551C36D5-555D-4EBF-8F65-0015BCEC5287} = {639D865E-9551-4F1B-BE70-573A6AD8897F}
		{E8A35E23-AFFC-475D-9EC2-0B122B4293A5} = {103AD02B-896E-4D9A-BDF0-60CDCD6A2314}
		{59F8AB01-A8DB-4215-9682-0EECEA81A075} = {AD235D83-D49B-49B4-878A-BBEA6C027827}
		{35E22156-3130-4E27-B80E-94E2FC7F87F5} = {59F8AB01-A8DB-4215-9682-0EECEA81A075}
		{7E435D2B-1A53-402A-9A71-D41825114EB0} = {59F8AB01-A8DB-4215-9682-0EECEA81A075}
		{CBD558DD-CC32-48E3-A972-2CCC6F2825AB} = {59F8AB01-A8DB-4215-9682-0EECEA81A075}
		{A72071E5-6A89-4FB3-AAFD-E12663F761AB} = {59F8AB01-A8DB-4215-9682-0EECEA81A075}
		{EC753DC7-B2D9-4411-AAE8-6BE70BDB8259} = {35E22156-3130-4E27-B80E-94E2FC7F87F5}
		{01F3D60F-85E0-4BB5-B063-7DAC8560F63C} = {CBD558DD-CC32-48E3-A972-2CCC6F2825AB}
		{9CEB5445-4D80-4376-94F2-6C924E293529} = {A72071E5-6A89-4FB3-AAFD-E12663F761AB}
		{F6F63739-D549-4D98-9E91-8E18976B944B} = {7E435D2B-1A53-402A-9A71-D41825114EB0}
		{C22B51D2-9631-4522-B532-E55A63AC8752} = {AD235D83-D49B-49B4-878A-BBEA6C027827}
		{3112AE41-B828-4889-B03B-67BE74D0F09E} = {C22B51D2-9631-4522-B532-E55A63AC8752}
		{FFCBD837-DF62-4688-98FA-66AA011B0C61} = {C22B51D2-9631-4522-B532-E55A63AC8752}
		{0251DB13-DD22-4F37-AB74-22D82BB45573} = {C22B51D2-9631-4522-B532-E55A63AC8752}
		{51173E34-FC46-4777-8F35-6C465033E3A5} = {C22B51D2-9631-4522-B532-E55A63AC8752}
		{6010B093-2DE0-400C-A505-867628FA8654} = {3112AE41-B828-4889-B03B-67BE74D0F09E}
		{95E8E8B9-3A8B-4A93-9367-36C52E1D4A36} = {FFCBD837-DF62-4688-98FA-66AA011B0C61}
		{299388A2-FF85-42F3-8542-95FB5708A9ED} = {0251DB13-DD22-4F37-AB74-22D82BB45573}
		{7F351CAA-AA02-4DAE-9CDD-6F452B706978} = {51173E34-FC46-4777-8F35-6C465033E3A5}
		{568DE7F3-EFD3-43FB-A72B-4773ED1DECE4} = {3AE905E1-E6D3-40E8-A52B-1BAD063F5DEC}
	EndGlobalSection
	GlobalSection(ExtensibilityGlobals) = postSolution
		SolutionGuid = {CED4286A-F38F-421F-B62D-B9C60AE37F84}
	EndGlobalSection
EndGlobal
