
Microsoft Visual Studio Solution File, Format Version 12.00
# Visual Studio Version 17
VisualStudioVersion = 17.9.34728.123
MinimumVisualStudioVersion = 10.0.40219.1
Project("{2150E333-8FDC-42A3-9474-1A3956D46DE8}") = "Microservices", "Microservices", "{AD235D83-D49B-49B4-878A-BBEA6C027827}"
EndProject
Project("{2150E333-8FDC-42A3-9474-1A3956D46DE8}") = "Domain", "Domain", "{024C7DB2-A9AE-481C-950B-C4F52FF152C0}"
EndProject
Project("{2150E333-8FDC-42A3-9474-1A3956D46DE8}") = "Infra.Bus", "Infra.Bus", "{639D865E-9551-4F1B-BE70-573A6AD8897F}"
EndProject
Project("{2150E333-8FDC-42A3-9474-1A3956D46DE8}") = "Infra.IoC", "Infra.IoC", "{103AD02B-896E-4D9A-BDF0-60CDCD6A2314}"
EndProject
Project("{2150E333-8FDC-42A3-9474-1A3956D46DE8}") = "Presentation", "Presentation", "{BF36781E-A956-483B-A69C-138FB5DABFC6}"
EndProject
Project("{FAE04EC0-301F-11D3-BF4B-00C04F79EFBC}") = "MicroRabbit.Domain.Core", "MicroRabbit.Domain.Core\MicroRabbit.Domain.Core.csproj", "{3C0A24C6-F604-44A1-996F-BB7F9D088457}"
EndProject
Project("{FAE04EC0-301F-11D3-BF4B-00C04F79EFBC}") = "MicroRabbit.Infra.Bus", "MicroRabbit.Infra.Bus\MicroRabbit.Infra.Bus.csproj", "{551C36D5-555D-4EBF-8F65-0015BCEC5287}"
EndProject
Project("{FAE04EC0-301F-11D3-BF4B-00C04F79EFBC}") = "MicroRabbit.Infra.IoC", "MicroRabbit.Infra.IoC\MicroRabbit.Infra.IoC.csproj", "{E8A35E23-AFFC-475D-9EC2-0B122B4293A5}"
EndProject
Global
	GlobalSection(SolutionConfigurationPlatforms) = preSolution
		Debug|Any CPU = Debug|Any CPU
		Release|Any CPU = Release|Any CPU
	EndGlobalSection
	GlobalSection(ProjectConfigurationPlatforms) = postSolution
		{3C0A24C6-F604-44A1-996F-BB7F9D088457}.Debug|Any CPU.ActiveCfg = Debug|Any CPU
		{3C0A24C6-F604-44A1-996F-BB7F9D088457}.Debug|Any CPU.Build.0 = Debug|Any CPU
		{3C0A24C6-F604-44A1-996F-BB7F9D088457}.Release|Any CPU.ActiveCfg = Release|Any CPU
		{3C0A24C6-F604-44A1-996F-BB7F9D088457}.Release|Any CPU.Build.0 = Release|Any CPU
		{551C36D5-555D-4EBF-8F65-0015BCEC5287}.Debug|Any CPU.ActiveCfg = Debug|Any CPU
		{551C36D5-555D-4EBF-8F65-0015BCEC5287}.Debug|Any CPU.Build.0 = Debug|Any CPU
		{551C36D5-555D-4EBF-8F65-0015BCEC5287}.Release|Any CPU.ActiveCfg = Release|Any CPU
		{551C36D5-555D-4EBF-8F65-0015BCEC5287}.Release|Any CPU.Build.0 = Release|Any CPU
		{E8A35E23-AFFC-475D-9EC2-0B122B4293A5}.Debug|Any CPU.ActiveCfg = Debug|Any CPU
		{E8A35E23-AFFC-475D-9EC2-0B122B4293A5}.Debug|Any CPU.Build.0 = Debug|Any CPU
		{E8A35E23-AFFC-475D-9EC2-0B122B4293A5}.Release|Any CPU.ActiveCfg = Release|Any CPU
		{E8A35E23-AFFC-475D-9EC2-0B122B4293A5}.Release|Any CPU.Build.0 = Release|Any CPU
	EndGlobalSection
	GlobalSection(SolutionProperties) = preSolution
		HideSolutionNode = FALSE
	EndGlobalSection
	GlobalSection(NestedProjects) = preSolution
		{3C0A24C6-F604-44A1-996F-BB7F9D088457} = {024C7DB2-A9AE-481C-950B-C4F52FF152C0}
		{551C36D5-555D-4EBF-8F65-0015BCEC5287} = {639D865E-9551-4F1B-BE70-573A6AD8897F}
		{E8A35E23-AFFC-475D-9EC2-0B122B4293A5} = {103AD02B-896E-4D9A-BDF0-60CDCD6A2314}
	EndGlobalSection
	GlobalSection(ExtensibilityGlobals) = postSolution
		SolutionGuid = {CED4286A-F38F-421F-B62D-B9C60AE37F84}
	EndGlobalSection
EndGlobal
